
Microsoft Visual Studio Solution File, Format Version 12.00
# Visual Studio 15
VisualStudioVersion = 15.0.27703.1
MinimumVisualStudioVersion = 10.0.40219.1
Project("{8BC9CEB8-8B4A-11D0-8D11-00A0C91BC942}") = "Image_inpainting", "Image_inpainting\Image_inpainting.vcxproj", "{F03A1DF9-DF28-4E0F-B4BF-F438C1E9FCAD}"
EndProject
Global
	GlobalSection(SolutionConfigurationPlatforms) = preSolution
		Debug|x64 = Debug|x64
		Debug|x86 = Debug|x86
		Release|x64 = Release|x64
		Release|x86 = Release|x86
	EndGlobalSection
	GlobalSection(ProjectConfigurationPlatforms) = postSolution
		{F03A1DF9-DF28-4E0F-B4BF-F438C1E9FCAD}.Debug|x64.ActiveCfg = Debug|x64
		{F03A1DF9-DF28-4E0F-B4BF-F438C1E9FCAD}.Debug|x64.Build.0 = Debug|x64
		{F03A1DF9-DF28-4E0F-B4BF-F438C1E9FCAD}.Debug|x86.ActiveCfg = Debug|Win32
		{F03A1DF9-DF28-4E0F-B4BF-F438C1E9FCAD}.Debug|x86.Build.0 = Debug|Win32
		{F03A1DF9-DF28-4E0F-B4BF-F438C1E9FCAD}.Release|x64.ActiveCfg = Release|x64
		{F03A1DF9-DF28-4E0F-B4BF-F438C1E9FCAD}.Release|x64.Build.0 = Release|x64
		{F03A1DF9-DF28-4E0F-B4BF-F438C1E9FCAD}.Release|x86.ActiveCfg = Release|Win32
		{F03A1DF9-DF28-4E0F-B4BF-F438C1E9FCAD}.Release|x86.Build.0 = Release|Win32
	EndGlobalSection
	GlobalSection(SolutionProperties) = preSolution
		HideSolutionNode = FALSE
	EndGlobalSection
	GlobalSection(ExtensibilityGlobals) = postSolution
		SolutionGuid = {D6C758B7-2C6B-46FE-B314-37EB9836BD3A}
	EndGlobalSection
EndGlobal
